
Microsoft Visual Studio Solution File, Format Version 12.00
# Visual Studio Version 17
VisualStudioVersion = 17.5.33516.290
MinimumVisualStudioVersion = 10.0.40219.1
Project("{FAE04EC0-301F-11D3-BF4B-00C04F79EFBC}") = "Personal_Portfolio", "Personal_Portfolio.csproj", "{9E28BCAC-C439-414C-8D96-C24D100844F6}"
EndProject
Project("{FAE04EC0-301F-11D3-BF4B-00C04F79EFBC}") = "Entities", "..\Entities\Entities.csproj", "{A5C04663-0A55-48C9-B411-D3C47B2D7FCA}"
EndProject
Project("{FAE04EC0-301F-11D3-BF4B-00C04F79EFBC}") = "Business", "..\Business\Business.csproj", "{4FA8AC33-80EA-4DC9-8BCE-CB9C23F2E6EA}"
EndProject
Project("{FAE04EC0-301F-11D3-BF4B-00C04F79EFBC}") = "DataAccess", "..\DataAccess\DataAccess.csproj", "{E99251A0-7AD3-441D-9E4D-C87716038C9C}"
EndProject
Project("{FAE04EC0-301F-11D3-BF4B-00C04F79EFBC}") = "Core", "..\Core\Core.csproj", "{66BFD383-C558-4438-8086-930E111AF60A}"
EndProject
Global
	GlobalSection(SolutionConfigurationPlatforms) = preSolution
		Debug|Any CPU = Debug|Any CPU
		Release|Any CPU = Release|Any CPU
	EndGlobalSection
	GlobalSection(ProjectConfigurationPlatforms) = postSolution
		{9E28BCAC-C439-414C-8D96-C24D100844F6}.Debug|Any CPU.ActiveCfg = Debug|Any CPU
		{9E28BCAC-C439-414C-8D96-C24D100844F6}.Debug|Any CPU.Build.0 = Debug|Any CPU
		{9E28BCAC-C439-414C-8D96-C24D100844F6}.Release|Any CPU.ActiveCfg = Release|Any CPU
		{9E28BCAC-C439-414C-8D96-C24D100844F6}.Release|Any CPU.Build.0 = Release|Any CPU
		{A5C04663-0A55-48C9-B411-D3C47B2D7FCA}.Debug|Any CPU.ActiveCfg = Debug|Any CPU
		{A5C04663-0A55-48C9-B411-D3C47B2D7FCA}.Debug|Any CPU.Build.0 = Debug|Any CPU
		{A5C04663-0A55-48C9-B411-D3C47B2D7FCA}.Release|Any CPU.ActiveCfg = Release|Any CPU
		{A5C04663-0A55-48C9-B411-D3C47B2D7FCA}.Release|Any CPU.Build.0 = Release|Any CPU
		{4FA8AC33-80EA-4DC9-8BCE-CB9C23F2E6EA}.Debug|Any CPU.ActiveCfg = Debug|Any CPU
		{4FA8AC33-80EA-4DC9-8BCE-CB9C23F2E6EA}.Debug|Any CPU.Build.0 = Debug|Any CPU
		{4FA8AC33-80EA-4DC9-8BCE-CB9C23F2E6EA}.Release|Any CPU.ActiveCfg = Release|Any CPU
		{4FA8AC33-80EA-4DC9-8BCE-CB9C23F2E6EA}.Release|Any CPU.Build.0 = Release|Any CPU
		{E99251A0-7AD3-441D-9E4D-C87716038C9C}.Debug|Any CPU.ActiveCfg = Debug|Any CPU
		{E99251A0-7AD3-441D-9E4D-C87716038C9C}.Debug|Any CPU.Build.0 = Debug|Any CPU
		{E99251A0-7AD3-441D-9E4D-C87716038C9C}.Release|Any CPU.ActiveCfg = Release|Any CPU
		{E99251A0-7AD3-441D-9E4D-C87716038C9C}.Release|Any CPU.Build.0 = Release|Any CPU
		{66BFD383-C558-4438-8086-930E111AF60A}.Debug|Any CPU.ActiveCfg = Debug|Any CPU
		{66BFD383-C558-4438-8086-930E111AF60A}.Debug|Any CPU.Build.0 = Debug|Any CPU
		{66BFD383-C558-4438-8086-930E111AF60A}.Release|Any CPU.ActiveCfg = Release|Any CPU
		{66BFD383-C558-4438-8086-930E111AF60A}.Release|Any CPU.Build.0 = Release|Any CPU
	EndGlobalSection
	GlobalSection(SolutionProperties) = preSolution
		HideSolutionNode = FALSE
	EndGlobalSection
	GlobalSection(ExtensibilityGlobals) = postSolution
		SolutionGuid = {B3488CC1-F434-4C37-B772-310E2F336C5D}
	EndGlobalSection
EndGlobal
